
Microsoft Visual Studio Solution File, Format Version 12.00
# Visual Studio Version 16
VisualStudioVersion = 16.0.32510.428
MinimumVisualStudioVersion = 10.0.40219.1
Project("{FAE04EC0-301F-11D3-BF4B-00C04F79EFBC}") = "ApiMundoDisney", "ApiMundoDisney\ApiMundoDisney.csproj", "{4DDCF9E4-C687-4DC5-9CFF-CF6DC0173D16}"
EndProject
Global
	GlobalSection(SolutionConfigurationPlatforms) = preSolution
		Debug|Any CPU = Debug|Any CPU
		Release|Any CPU = Release|Any CPU
	EndGlobalSection
	GlobalSection(ProjectConfigurationPlatforms) = postSolution
		{4DDCF9E4-C687-4DC5-9CFF-CF6DC0173D16}.Debug|Any CPU.ActiveCfg = Debug|Any CPU
		{4DDCF9E4-C687-4DC5-9CFF-CF6DC0173D16}.Debug|Any CPU.Build.0 = Debug|Any CPU
		{4DDCF9E4-C687-4DC5-9CFF-CF6DC0173D16}.Release|Any CPU.ActiveCfg = Release|Any CPU
		{4DDCF9E4-C687-4DC5-9CFF-CF6DC0173D16}.Release|Any CPU.Build.0 = Release|Any CPU
	EndGlobalSection
	GlobalSection(SolutionProperties) = preSolution
		HideSolutionNode = FALSE
	EndGlobalSection
	GlobalSection(ExtensibilityGlobals) = postSolution
		SolutionGuid = {3D524F3A-BC8E-4AA8-90BE-9EF3DF4812F5}
	EndGlobalSection
EndGlobal
